// !$*UTF8*$!
{
	archiveVersion = 1;
	classes = {
	};
	objectVersion = 46;
	objects = {

/* Begin PBXBuildFile section */
		370B3D471CE622BA00A47DEA /* APIClient.m in Sources */ = {isa = PBXBuildFile; fileRef = 370B3D461CE622BA00A47DEA /* APIClient.m */; };
		370B3D4A1CE74F3F00A47DEA /* MVMovie.m in Sources */ = {isa = PBXBuildFile; fileRef = 370B3D491CE74F3F00A47DEA /* MVMovie.m */; };
		375E7D751CD9095B006CBCA5 /* main.m in Sources */ = {isa = PBXBuildFile; fileRef = 375E7D741CD9095B006CBCA5 /* main.m */; };
		375E7D781CD9095B006CBCA5 /* AppDelegate.m in Sources */ = {isa = PBXBuildFile; fileRef = 375E7D771CD9095B006CBCA5 /* AppDelegate.m */; };
		375E7D7B1CD9095B006CBCA5 /* ViewController.m in Sources */ = {isa = PBXBuildFile; fileRef = 375E7D7A1CD9095B006CBCA5 /* ViewController.m */; };
		375E7D7E1CD9095B006CBCA5 /* Main.storyboard in Resources */ = {isa = PBXBuildFile; fileRef = 375E7D7C1CD9095B006CBCA5 /* Main.storyboard */; };
		375E7D801CD9095B006CBCA5 /* Assets.xcassets in Resources */ = {isa = PBXBuildFile; fileRef = 375E7D7F1CD9095B006CBCA5 /* Assets.xcassets */; };
		375E7D831CD9095B006CBCA5 /* LaunchScreen.storyboard in Resources */ = {isa = PBXBuildFile; fileRef = 375E7D811CD9095B006CBCA5 /* LaunchScreen.storyboard */; };
		375E7D8C1CD90C33006CBCA5 /* CollectionViewController.m in Sources */ = {isa = PBXBuildFile; fileRef = 375E7D8B1CD90C33006CBCA5 /* CollectionViewController.m */; };
		375E7D921CD9124F006CBCA5 /* TableViewController.m in Sources */ = {isa = PBXBuildFile; fileRef = 375E7D911CD9124F006CBCA5 /* TableViewController.m */; };
		375E7D951CD923F3006CBCA5 /* MVCollectionViewCell.m in Sources */ = {isa = PBXBuildFile; fileRef = 375E7D941CD923F3006CBCA5 /* MVCollectionViewCell.m */; };
		A737D4DE2CD7F164C11E5AD8 /* libPods-muvees.a in Frameworks */ = {isa = PBXBuildFile; fileRef = CAA6D20F13C085AB4DE05696 /* libPods-muvees.a */; };
/* End PBXBuildFile section */

/* Begin PBXFileReference section */
		370B3D451CE622BA00A47DEA /* APIClient.h */ = {isa = PBXFileReference; fileEncoding = 4; lastKnownFileType = sourcecode.c.h; path = APIClient.h; sourceTree = "<group>"; };
		370B3D461CE622BA00A47DEA /* APIClient.m */ = {isa = PBXFileReference; fileEncoding = 4; lastKnownFileType = sourcecode.c.objc; path = APIClient.m; sourceTree = "<group>"; };
		370B3D481CE74F3F00A47DEA /* MVMovie.h */ = {isa = PBXFileReference; fileEncoding = 4; lastKnownFileType = sourcecode.c.h; path = MVMovie.h; sourceTree = "<group>"; };
		370B3D491CE74F3F00A47DEA /* MVMovie.m */ = {isa = PBXFileReference; fileEncoding = 4; lastKnownFileType = sourcecode.c.objc; path = MVMovie.m; sourceTree = "<group>"; };
		375E7D701CD9095B006CBCA5 /* muvees.app */ = {isa = PBXFileReference; explicitFileType = wrapper.application; includeInIndex = 0; path = muvees.app; sourceTree = BUILT_PRODUCTS_DIR; };
		375E7D741CD9095B006CBCA5 /* main.m */ = {isa = PBXFileReference; lastKnownFileType = sourcecode.c.objc; path = main.m; sourceTree = "<group>"; };
		375E7D761CD9095B006CBCA5 /* AppDelegate.h */ = {isa = PBXFileReference; lastKnownFileType = sourcecode.c.h; path = AppDelegate.h; sourceTree = "<group>"; };
		375E7D771CD9095B006CBCA5 /* AppDelegate.m */ = {isa = PBXFileReference; lastKnownFileType = sourcecode.c.objc; path = AppDelegate.m; sourceTree = "<group>"; };
		375E7D791CD9095B006CBCA5 /* ViewController.h */ = {isa = PBXFileReference; lastKnownFileType = sourcecode.c.h; path = ViewController.h; sourceTree = "<group>"; };
		375E7D7A1CD9095B006CBCA5 /* ViewController.m */ = {isa = PBXFileReference; lastKnownFileType = sourcecode.c.objc; path = ViewController.m; sourceTree = "<group>"; };
		375E7D7D1CD9095B006CBCA5 /* Base */ = {isa = PBXFileReference; lastKnownFileType = file.storyboard; name = Base; path = Base.lproj/Main.storyboard; sourceTree = "<group>"; };
		375E7D7F1CD9095B006CBCA5 /* Assets.xcassets */ = {isa = PBXFileReference; lastKnownFileType = folder.assetcatalog; path = Assets.xcassets; sourceTree = "<group>"; };
		375E7D821CD9095B006CBCA5 /* Base */ = {isa = PBXFileReference; lastKnownFileType = file.storyboard; name = Base; path = Base.lproj/LaunchScreen.storyboard; sourceTree = "<group>"; };
		375E7D841CD9095B006CBCA5 /* Info.plist */ = {isa = PBXFileReference; lastKnownFileType = text.plist.xml; path = Info.plist; sourceTree = "<group>"; };
		375E7D8A1CD90C33006CBCA5 /* CollectionViewController.h */ = {isa = PBXFileReference; fileEncoding = 4; lastKnownFileType = sourcecode.c.h; path = CollectionViewController.h; sourceTree = "<group>"; };
		375E7D8B1CD90C33006CBCA5 /* CollectionViewController.m */ = {isa = PBXFileReference; fileEncoding = 4; lastKnownFileType = sourcecode.c.objc; path = CollectionViewController.m; sourceTree = "<group>"; };
		375E7D901CD9124F006CBCA5 /* TableViewController.h */ = {isa = PBXFileReference; fileEncoding = 4; lastKnownFileType = sourcecode.c.h; name = TableViewController.h; path = ../TableViewController.h; sourceTree = "<group>"; };
		375E7D911CD9124F006CBCA5 /* TableViewController.m */ = {isa = PBXFileReference; fileEncoding = 4; lastKnownFileType = sourcecode.c.objc; name = TableViewController.m; path = ../TableViewController.m; sourceTree = "<group>"; };
		375E7D931CD923F3006CBCA5 /* MVCollectionViewCell.h */ = {isa = PBXFileReference; fileEncoding = 4; lastKnownFileType = sourcecode.c.h; path = MVCollectionViewCell.h; sourceTree = "<group>"; };
		375E7D941CD923F3006CBCA5 /* MVCollectionViewCell.m */ = {isa = PBXFileReference; fileEncoding = 4; lastKnownFileType = sourcecode.c.objc; path = MVCollectionViewCell.m; sourceTree = "<group>"; };
		7A0349DD40F5769549DA3502 /* Pods-muvees.debug.xcconfig */ = {isa = PBXFileReference; includeInIndex = 1; lastKnownFileType = text.xcconfig; name = "Pods-muvees.debug.xcconfig"; path = "Pods/Target Support Files/Pods-muvees/Pods-muvees.debug.xcconfig"; sourceTree = "<group>"; };
		8B8694835F9905FBBA7DE0D2 /* Pods-muvees.release.xcconfig */ = {isa = PBXFileReference; includeInIndex = 1; lastKnownFileType = text.xcconfig; name = "Pods-muvees.release.xcconfig"; path = "Pods/Target Support Files/Pods-muvees/Pods-muvees.release.xcconfig"; sourceTree = "<group>"; };
		CAA6D20F13C085AB4DE05696 /* libPods-muvees.a */ = {isa = PBXFileReference; explicitFileType = archive.ar; includeInIndex = 0; path = "libPods-muvees.a"; sourceTree = BUILT_PRODUCTS_DIR; };
/* End PBXFileReference section */

/* Begin PBXFrameworksBuildPhase section */
		375E7D6D1CD9095B006CBCA5 /* Frameworks */ = {
			isa = PBXFrameworksBuildPhase;
			buildActionMask = 2147483647;
			files = (
				A737D4DE2CD7F164C11E5AD8 /* libPods-muvees.a in Frameworks */,
			);
			runOnlyForDeploymentPostprocessing = 0;
		};
/* End PBXFrameworksBuildPhase section */

/* Begin PBXGroup section */
		375E7D671CD9095B006CBCA5 = {
			isa = PBXGroup;
			children = (
				375E7D721CD9095B006CBCA5 /* muvees */,
				375E7D711CD9095B006CBCA5 /* Products */,
				3D056A3D60532E8C72E397A4 /* Pods */,
				558C55C25DF4E1F24E19A829 /* Frameworks */,
			);
			sourceTree = "<group>";
		};
		375E7D711CD9095B006CBCA5 /* Products */ = {
			isa = PBXGroup;
			children = (
				375E7D701CD9095B006CBCA5 /* muvees.app */,
			);
			name = Products;
			sourceTree = "<group>";
		};
		375E7D721CD9095B006CBCA5 /* muvees */ = {
			isa = PBXGroup;
			children = (
				375E7D901CD9124F006CBCA5 /* TableViewController.h */,
				375E7D911CD9124F006CBCA5 /* TableViewController.m */,
				375E7D761CD9095B006CBCA5 /* AppDelegate.h */,
				375E7D771CD9095B006CBCA5 /* AppDelegate.m */,
				375E7D791CD9095B006CBCA5 /* ViewController.h */,
				375E7D7A1CD9095B006CBCA5 /* ViewController.m */,
				375E7D7C1CD9095B006CBCA5 /* Main.storyboard */,
				375E7D8A1CD90C33006CBCA5 /* CollectionViewController.h */,
				375E7D8B1CD90C33006CBCA5 /* CollectionViewController.m */,
				375E7D7F1CD9095B006CBCA5 /* Assets.xcassets */,
				375E7D811CD9095B006CBCA5 /* LaunchScreen.storyboard */,
				375E7D841CD9095B006CBCA5 /* Info.plist */,
				375E7D731CD9095B006CBCA5 /* Supporting Files */,
				375E7D931CD923F3006CBCA5 /* MVCollectionViewCell.h */,
				375E7D941CD923F3006CBCA5 /* MVCollectionViewCell.m */,
				370B3D451CE622BA00A47DEA /* APIClient.h */,
				370B3D461CE622BA00A47DEA /* APIClient.m */,
				370B3D481CE74F3F00A47DEA /* MVMovie.h */,
				370B3D491CE74F3F00A47DEA /* MVMovie.m */,
			);
			path = muvees;
			sourceTree = "<group>";
		};
		375E7D731CD9095B006CBCA5 /* Supporting Files */ = {
			isa = PBXGroup;
			children = (
				375E7D741CD9095B006CBCA5 /* main.m */,
			);
			name = "Supporting Files";
			sourceTree = "<group>";
		};
		3D056A3D60532E8C72E397A4 /* Pods */ = {
			isa = PBXGroup;
			children = (
				7A0349DD40F5769549DA3502 /* Pods-muvees.debug.xcconfig */,
				8B8694835F9905FBBA7DE0D2 /* Pods-muvees.release.xcconfig */,
			);
			name = Pods;
			sourceTree = "<group>";
		};
		558C55C25DF4E1F24E19A829 /* Frameworks */ = {
			isa = PBXGroup;
			children = (
				CAA6D20F13C085AB4DE05696 /* libPods-muvees.a */,
			);
			name = Frameworks;
			sourceTree = "<group>";
		};
/* End PBXGroup section */

/* Begin PBXNativeTarget section */
		375E7D6F1CD9095B006CBCA5 /* muvees */ = {
			isa = PBXNativeTarget;
			buildConfigurationList = 375E7D871CD9095B006CBCA5 /* Build configuration list for PBXNativeTarget "muvees" */;
			buildPhases = (
				C1358CF8AEC6CD24A432F9EC /* Check Pods Manifest.lock */,
				375E7D6C1CD9095B006CBCA5 /* Sources */,
				375E7D6D1CD9095B006CBCA5 /* Frameworks */,
				375E7D6E1CD9095B006CBCA5 /* Resources */,
				4763517E02DC9C294883700C /* Embed Pods Frameworks */,
				B19A0D4E07120962B03C284B /* Copy Pods Resources */,
			);
			buildRules = (
			);
			dependencies = (
			);
			name = muvees;
			productName = muvees;
			productReference = 375E7D701CD9095B006CBCA5 /* muvees.app */;
			productType = "com.apple.product-type.application";
		};
/* End PBXNativeTarget section */

/* Begin PBXProject section */
		375E7D681CD9095B006CBCA5 /* Project object */ = {
			isa = PBXProject;
			attributes = {
				LastUpgradeCheck = 0730;
				ORGANIZATIONNAME = "Daniel Adeyanju";
				TargetAttributes = {
					375E7D6F1CD9095B006CBCA5 = {
						CreatedOnToolsVersion = 7.3;
						DevelopmentTeam = JQRV5766HA;
					};
				};
			};
			buildConfigurationList = 375E7D6B1CD9095B006CBCA5 /* Build configuration list for PBXProject "muvees" */;
			compatibilityVersion = "Xcode 3.2";
			developmentRegion = English;
			hasScannedForEncodings = 0;
			knownRegions = (
				en,
				Base,
			);
			mainGroup = 375E7D671CD9095B006CBCA5;
			productRefGroup = 375E7D711CD9095B006CBCA5 /* Products */;
			projectDirPath = "";
			projectRoot = "";
			targets = (
				375E7D6F1CD9095B006CBCA5 /* muvees */,
			);
		};
/* End PBXProject section */

/* Begin PBXResourcesBuildPhase section */
		375E7D6E1CD9095B006CBCA5 /* Resources */ = {
			isa = PBXResourcesBuildPhase;
			buildActionMask = 2147483647;
			files = (
				375E7D831CD9095B006CBCA5 /* LaunchScreen.storyboard in Resources */,
				375E7D801CD9095B006CBCA5 /* Assets.xcassets in Resources */,
				375E7D7E1CD9095B006CBCA5 /* Main.storyboard in Resources */,
			);
			runOnlyForDeploymentPostprocessing = 0;
		};
/* End PBXResourcesBuildPhase section */

/* Begin PBXShellScriptBuildPhase section */
		4763517E02DC9C294883700C /* Embed Pods Frameworks */ = {
			isa = PBXShellScriptBuildPhase;
			buildActionMask = 2147483647;
			files = (
			);
			inputPaths = (
			);
			name = "Embed Pods Frameworks";
			outputPaths = (
			);
			runOnlyForDeploymentPostprocessing = 0;
			shellPath = /bin/sh;
			shellScript = "\"${SRCROOT}/Pods/Target Support Files/Pods-muvees/Pods-muvees-frameworks.sh\"\n";
			showEnvVarsInLog = 0;
		};
		B19A0D4E07120962B03C284B /* Copy Pods Resources */ = {
			isa = PBXShellScriptBuildPhase;
			buildActionMask = 2147483647;
			files = (
			);
			inputPaths = (
			);
			name = "Copy Pods Resources";
			outputPaths = (
			);
			runOnlyForDeploymentPostprocessing = 0;
			shellPath = /bin/sh;
			shellScript = "\"${SRCROOT}/Pods/Target Support Files/Pods-muvees/Pods-muvees-resources.sh\"\n";
			showEnvVarsInLog = 0;
		};
		C1358CF8AEC6CD24A432F9EC /* Check Pods Manifest.lock */ = {
			isa = PBXShellScriptBuildPhase;
			buildActionMask = 2147483647;
			files = (
			);
			inputPaths = (
			);
			name = "Check Pods Manifest.lock";
			outputPaths = (
			);
			runOnlyForDeploymentPostprocessing = 0;
			shellPath = /bin/sh;
			shellScript = "diff \"${PODS_ROOT}/../Podfile.lock\" \"${PODS_ROOT}/Manifest.lock\" > /dev/null\nif [[ $? != 0 ]] ; then\n    cat << EOM\nerror: The sandbox is not in sync with the Podfile.lock. Run 'pod install' or update your CocoaPods installation.\nEOM\n    exit 1\nfi\n";
			showEnvVarsInLog = 0;
		};
/* End PBXShellScriptBuildPhase section */

/* Begin PBXSourcesBuildPhase section */
		375E7D6C1CD9095B006CBCA5 /* Sources */ = {
			isa = PBXSourcesBuildPhase;
			buildActionMask = 2147483647;
			files = (
				375E7D8C1CD90C33006CBCA5 /* CollectionViewController.m in Sources */,
				370B3D471CE622BA00A47DEA /* APIClient.m in Sources */,
				375E7D951CD923F3006CBCA5 /* MVCollectionViewCell.m in Sources */,
				375E7D7B1CD9095B006CBCA5 /* ViewController.m in Sources */,
				375E7D781CD9095B006CBCA5 /* AppDelegate.m in Sources */,
				375E7D921CD9124F006CBCA5 /* TableViewController.m in Sources */,
				375E7D751CD9095B006CBCA5 /* main.m in Sources */,
				370B3D4A1CE74F3F00A47DEA /* MVMovie.m in Sources */,
			);
			runOnlyForDeploymentPostprocessing = 0;
		};
/* End PBXSourcesBuildPhase section */

/* Begin PBXVariantGroup section */
		375E7D7C1CD9095B006CBCA5 /* Main.storyboard */ = {
			isa = PBXVariantGroup;
			children = (
				375E7D7D1CD9095B006CBCA5 /* Base */,
			);
			name = Main.storyboard;
			sourceTree = "<group>";
		};
		375E7D811CD9095B006CBCA5 /* LaunchScreen.storyboard */ = {
			isa = PBXVariantGroup;
			children = (
				375E7D821CD9095B006CBCA5 /* Base */,
			);
			name = LaunchScreen.storyboard;
			sourceTree = "<group>";
		};
/* End PBXVariantGroup section */

/* Begin XCBuildConfiguration section */
		375E7D851CD9095B006CBCA5 /* Debug */ = {
			isa = XCBuildConfiguration;
			buildSettings = {
				ALWAYS_SEARCH_USER_PATHS = NO;
				CLANG_ANALYZER_NONNULL = YES;
				CLANG_CXX_LANGUAGE_STANDARD = "gnu++0x";
				CLANG_CXX_LIBRARY = "libc++";
				CLANG_ENABLE_MODULES = YES;
				CLANG_ENABLE_OBJC_ARC = YES;
				CLANG_WARN_BOOL_CONVERSION = YES;
				CLANG_WARN_CONSTANT_CONVERSION = YES;
				CLANG_WARN_DIRECT_OBJC_ISA_USAGE = YES_ERROR;
				CLANG_WARN_EMPTY_BODY = YES;
				CLANG_WARN_ENUM_CONVERSION = YES;
				CLANG_WARN_INT_CONVERSION = YES;
				CLANG_WARN_OBJC_ROOT_CLASS = YES_ERROR;
				CLANG_WARN_UNREACHABLE_CODE = YES;
				CLANG_WARN__DUPLICATE_METHOD_MATCH = YES;
				"CODE_SIGN_IDENTITY[sdk=iphoneos*]" = "iPhone Developer";
				COPY_PHASE_STRIP = NO;
				DEBUG_INFORMATION_FORMAT = dwarf;
				ENABLE_STRICT_OBJC_MSGSEND = YES;
				ENABLE_TESTABILITY = YES;
				GCC_C_LANGUAGE_STANDARD = gnu99;
				GCC_DYNAMIC_NO_PIC = NO;
				GCC_NO_COMMON_BLOCKS = YES;
				GCC_OPTIMIZATION_LEVEL = 0;
				GCC_PREPROCESSOR_DEFINITIONS = (
					"DEBUG=1",
					"$(inherited)",
				);
				GCC_WARN_64_TO_32_BIT_CONVERSION = YES;
				GCC_WARN_ABOUT_RETURN_TYPE = YES_ERROR;
				GCC_WARN_UNDECLARED_SELECTOR = YES;
				GCC_WARN_UNINITIALIZED_AUTOS = YES_AGGRESSIVE;
				GCC_WARN_UNUSED_FUNCTION = YES;
				GCC_WARN_UNUSED_VARIABLE = YES;
				IPHONEOS_DEPLOYMENT_TARGET = 9.3;
				MTL_ENABLE_DEBUG_INFO = YES;
				ONLY_ACTIVE_ARCH = YES;
				SDKROOT = iphoneos;
				TARGETED_DEVICE_FAMILY = "1,2";
			};
			name = Debug;
		};
		375E7D861CD9095B006CBCA5 /* Release */ = {
			isa = XCBuildConfiguration;
			buildSettings = {
				ALWAYS_SEARCH_USER_PATHS = NO;
				CLANG_ANALYZER_NONNULL = YES;
				CLANG_CXX_LANGUAGE_STANDARD = "gnu++0x";
				CLANG_CXX_LIBRARY = "libc++";
				CLANG_ENABLE_MODULES = YES;
				CLANG_ENABLE_OBJC_ARC = YES;
				CLANG_WARN_BOOL_CONVERSION = YES;
				CLANG_WARN_CONSTANT_CONVERSION = YES;
				CLANG_WARN_DIRECT_OBJC_ISA_USAGE = YES_ERROR;
				CLANG_WARN_EMPTY_BODY = YES;
				CLANG_WARN_ENUM_CONVERSION = YES;
				CLANG_WARN_INT_CONVERSION = YES;
				CLANG_WARN_OBJC_ROOT_CLASS = YES_ERROR;
				CLANG_WARN_UNREACHABLE_CODE = YES;
				CLANG_WARN__DUPLICATE_METHOD_MATCH = YES;
				"CODE_SIGN_IDENTITY[sdk=iphoneos*]" = "iPhone Developer";
				COPY_PHASE_STRIP = NO;
				DEBUG_INFORMATION_FORMAT = "dwarf-with-dsym";
				ENABLE_NS_ASSERTIONS = NO;
				ENABLE_STRICT_OBJC_MSGSEND = YES;
				GCC_C_LANGUAGE_STANDARD = gnu99;
				GCC_NO_COMMON_BLOCKS = YES;
				GCC_WARN_64_TO_32_BIT_CONVERSION = YES;
				GCC_WARN_ABOUT_RETURN_TYPE = YES_ERROR;
				GCC_WARN_UNDECLARED_SELECTOR = YES;
				GCC_WARN_UNINITIALIZED_AUTOS = YES_AGGRESSIVE;
				GCC_WARN_UNUSED_FUNCTION = YES;
				GCC_WARN_UNUSED_VARIABLE = YES;
				IPHONEOS_DEPLOYMENT_TARGET = 9.3;
				MTL_ENABLE_DEBUG_INFO = NO;
				SDKROOT = iphoneos;
				TARGETED_DEVICE_FAMILY = "1,2";
				VALIDATE_PRODUCT = YES;
			};
			name = Release;
		};
		375E7D881CD9095B006CBCA5 /* Debug */ = {
			isa = XCBuildConfiguration;
			baseConfigurationReference = 7A0349DD40F5769549DA3502 /* Pods-muvees.debug.xcconfig */;
			buildSettings = {
				ASSETCATALOG_COMPILER_APPICON_NAME = AppIcon;
				INFOPLIST_FILE = muvees/Info.plist;
				LD_RUNPATH_SEARCH_PATHS = "$(inherited) @executable_path/Frameworks";
				PRODUCT_BUNDLE_IDENTIFIER = DA.muvees;
				PRODUCT_NAME = "$(TARGET_NAME)";
			};
			name = Debug;
		};
		375E7D891CD9095B006CBCA5 /* Release */ = {
			isa = XCBuildConfiguration;
			baseConfigurationReference = 8B8694835F9905FBBA7DE0D2 /* Pods-muvees.release.xcconfig */;
			buildSettings = {
				ASSETCATALOG_COMPILER_APPICON_NAME = AppIcon;
				INFOPLIST_FILE = muvees/Info.plist;
				LD_RUNPATH_SEARCH_PATHS = "$(inherited) @executable_path/Frameworks";
				PRODUCT_BUNDLE_IDENTIFIER = DA.muvees;
				PRODUCT_NAME = "$(TARGET_NAME)";
			};
			name = Release;
		};
/* End XCBuildConfiguration section */

/* Begin XCConfigurationList section */
		375E7D6B1CD9095B006CBCA5 /* Build configuration list for PBXProject "muvees" */ = {
			isa = XCConfigurationList;
			buildConfigurations = (
				375E7D851CD9095B006CBCA5 /* Debug */,
				375E7D861CD9095B006CBCA5 /* Release */,
			);
			defaultConfigurationIsVisible = 0;
			defaultConfigurationName = Release;
		};
		375E7D871CD9095B006CBCA5 /* Build configuration list for PBXNativeTarget "muvees" */ = {
			isa = XCConfigurationList;
			buildConfigurations = (
				375E7D881CD9095B006CBCA5 /* Debug */,
				375E7D891CD9095B006CBCA5 /* Release */,
			);
			defaultConfigurationIsVisible = 0;
			defaultConfigurationName = Release;
		};
/* End XCConfigurationList section */
	};
	rootObject = 375E7D681CD9095B006CBCA5 /* Project object */;
}
